// !$*UTF8*$!
{
	archiveVersion = 1;
	classes = {
	};
	objectVersion = 46;
	objects = {

/* Begin PBXBuildFile section */
		519C7A6A1DC4166900DBBF9D /* ResourcePath.mm in Sources */ = {isa = PBXBuildFile; fileRef = 519C7A691DC4166900DBBF9D /* ResourcePath.mm */; };
		519C7A6D1DC4166900DBBF9D /* main.cpp in Sources */ = {isa = PBXBuildFile; fileRef = 519C7A6C1DC4166900DBBF9D /* main.cpp */; };
		519C7A701DC4166900DBBF9D /* cute_image.jpg in Resources */ = {isa = PBXBuildFile; fileRef = 519C7A6F1DC4166900DBBF9D /* cute_image.jpg */; };
		519C7A721DC4166900DBBF9D /* nice_music.ogg in Resources */ = {isa = PBXBuildFile; fileRef = 519C7A711DC4166900DBBF9D /* nice_music.ogg */; };
		519C7A741DC4166900DBBF9D /* sansation.ttf in Resources */ = {isa = PBXBuildFile; fileRef = 519C7A731DC4166900DBBF9D /* sansation.ttf */; };
		519C7A761DC4166900DBBF9D /* icon.png in Resources */ = {isa = PBXBuildFile; fileRef = 519C7A751DC4166900DBBF9D /* icon.png */; };
		519C7A7E1DC4450C00DBBF9D /* bg_l.png in Resources */ = {isa = PBXBuildFile; fileRef = 519C7A7C1DC4450C00DBBF9D /* bg_l.png */; };
		519C7A7F1DC4450C00DBBF9D /* bg_r.png in Resources */ = {isa = PBXBuildFile; fileRef = 519C7A7D1DC4450C00DBBF9D /* bg_r.png */; };
		519C7A861DC5546D00DBBF9D /* main_theme.ogg in Resources */ = {isa = PBXBuildFile; fileRef = 519C7A851DC5546D00DBBF9D /* main_theme.ogg */; };
/* End PBXBuildFile section */

/* Begin PBXFileReference section */
		519C7A641DC4166900DBBF9D /* My First SFML App.app */ = {isa = PBXFileReference; explicitFileType = wrapper.application; includeInIndex = 0; path = "My First SFML App.app"; sourceTree = BUILT_PRODUCTS_DIR; };
		519C7A681DC4166900DBBF9D /* My First SFML App-Info.plist */ = {isa = PBXFileReference; lastKnownFileType = text.plist.xml; path = "My First SFML App-Info.plist"; sourceTree = "<group>"; };
		519C7A691DC4166900DBBF9D /* ResourcePath.mm */ = {isa = PBXFileReference; lastKnownFileType = sourcecode.cpp.objcpp; path = ResourcePath.mm; sourceTree = "<group>"; };
		519C7A6B1DC4166900DBBF9D /* ResourcePath.hpp */ = {isa = PBXFileReference; lastKnownFileType = sourcecode.cpp.h; path = ResourcePath.hpp; sourceTree = "<group>"; };
		519C7A6C1DC4166900DBBF9D /* main.cpp */ = {isa = PBXFileReference; lastKnownFileType = sourcecode.cpp.cpp; path = main.cpp; sourceTree = "<group>"; };
		519C7A6F1DC4166900DBBF9D /* cute_image.jpg */ = {isa = PBXFileReference; lastKnownFileType = image.jpeg; path = cute_image.jpg; sourceTree = "<group>"; };
		519C7A711DC4166900DBBF9D /* nice_music.ogg */ = {isa = PBXFileReference; lastKnownFileType = file; path = nice_music.ogg; sourceTree = "<group>"; };
		519C7A731DC4166900DBBF9D /* sansation.ttf */ = {isa = PBXFileReference; lastKnownFileType = file; path = sansation.ttf; sourceTree = "<group>"; };
		519C7A751DC4166900DBBF9D /* icon.png */ = {isa = PBXFileReference; lastKnownFileType = image.png; path = icon.png; sourceTree = "<group>"; };
		519C7A7C1DC4450C00DBBF9D /* bg_l.png */ = {isa = PBXFileReference; lastKnownFileType = image.png; path = bg_l.png; sourceTree = "<group>"; };
		519C7A7D1DC4450C00DBBF9D /* bg_r.png */ = {isa = PBXFileReference; lastKnownFileType = image.png; path = bg_r.png; sourceTree = "<group>"; };
		519C7A851DC5546D00DBBF9D /* main_theme.ogg */ = {isa = PBXFileReference; lastKnownFileType = file; path = main_theme.ogg; sourceTree = "<group>"; };
/* End PBXFileReference section */

/* Begin PBXFrameworksBuildPhase section */
		519C7A601DC4166800DBBF9D /* Frameworks */ = {
			isa = PBXFrameworksBuildPhase;
			buildActionMask = 2147483647;
			files = (
			);
			runOnlyForDeploymentPostprocessing = 0;
		};
/* End PBXFrameworksBuildPhase section */

/* Begin PBXGroup section */
		519C7A5A1DC4166800DBBF9D = {
			isa = PBXGroup;
			children = (
				519C7A661DC4166900DBBF9D /* My First SFML App */,
				519C7A651DC4166900DBBF9D /* Products */,
			);
			sourceTree = "<group>";
		};
		519C7A651DC4166900DBBF9D /* Products */ = {
			isa = PBXGroup;
			children = (
				519C7A641DC4166900DBBF9D /* My First SFML App.app */,
			);
			name = Products;
			sourceTree = "<group>";
		};
		519C7A661DC4166900DBBF9D /* My First SFML App */ = {
			isa = PBXGroup;
			children = (
				519C7A691DC4166900DBBF9D /* ResourcePath.mm */,
				519C7A6B1DC4166900DBBF9D /* ResourcePath.hpp */,
				519C7A6C1DC4166900DBBF9D /* main.cpp */,
				519C7A6E1DC4166900DBBF9D /* Resources */,
				519C7A671DC4166900DBBF9D /* Supporting Files */,
			);
			path = "My First SFML App";
			sourceTree = "<group>";
		};
		519C7A671DC4166900DBBF9D /* Supporting Files */ = {
			isa = PBXGroup;
			children = (
				519C7A681DC4166900DBBF9D /* My First SFML App-Info.plist */,
			);
			name = "Supporting Files";
			sourceTree = "<group>";
		};
		519C7A6E1DC4166900DBBF9D /* Resources */ = {
			isa = PBXGroup;
			children = (
				519C7A7C1DC4450C00DBBF9D /* bg_l.png */,
				519C7A851DC5546D00DBBF9D /* main_theme.ogg */,
				519C7A7D1DC4450C00DBBF9D /* bg_r.png */,
				519C7A6F1DC4166900DBBF9D /* cute_image.jpg */,
				519C7A711DC4166900DBBF9D /* nice_music.ogg */,
				519C7A731DC4166900DBBF9D /* sansation.ttf */,
				519C7A751DC4166900DBBF9D /* icon.png */,
			);
			name = Resources;
			sourceTree = "<group>";
		};
/* End PBXGroup section */

/* Begin PBXNativeTarget section */
		519C7A631DC4166800DBBF9D /* My First SFML App */ = {
			isa = PBXNativeTarget;
			buildConfigurationList = 519C7A791DC4166900DBBF9D /* Build configuration list for PBXNativeTarget "My First SFML App" */;
			buildPhases = (
				519C7A5F1DC4166800DBBF9D /* Sources */,
				519C7A601DC4166800DBBF9D /* Frameworks */,
				519C7A611DC4166800DBBF9D /* Resources */,
				519C7A621DC4166800DBBF9D /* ShellScript */,
			);
			buildRules = (
			);
			dependencies = (
			);
			name = "My First SFML App";
			productName = "My First SFML App";
			productReference = 519C7A641DC4166900DBBF9D /* My First SFML App.app */;
			productType = "com.apple.product-type.application";
		};
/* End PBXNativeTarget section */

/* Begin PBXProject section */
		519C7A5B1DC4166800DBBF9D /* Project object */ = {
			isa = PBXProject;
			attributes = {
				LastUpgradeCheck = 0810;
				ORGANIZATIONNAME = eloygil.com;
				TargetAttributes = {
					519C7A631DC4166800DBBF9D = {
						CreatedOnToolsVersion = 8.1;
						ProvisioningStyle = Automatic;
					};
				};
			};
			buildConfigurationList = 519C7A5E1DC4166800DBBF9D /* Build configuration list for PBXProject "My First SFML App" */;
			compatibilityVersion = "Xcode 3.2";
			developmentRegion = English;
			hasScannedForEncodings = 0;
			knownRegions = (
				en,
			);
			mainGroup = 519C7A5A1DC4166800DBBF9D;
			productRefGroup = 519C7A651DC4166900DBBF9D /* Products */;
			projectDirPath = "";
			projectRoot = "";
			targets = (
				519C7A631DC4166800DBBF9D /* My First SFML App */,
			);
		};
/* End PBXProject section */

/* Begin PBXResourcesBuildPhase section */
		519C7A611DC4166800DBBF9D /* Resources */ = {
			isa = PBXResourcesBuildPhase;
			buildActionMask = 2147483647;
			files = (
				519C7A761DC4166900DBBF9D /* icon.png in Resources */,
				519C7A7E1DC4450C00DBBF9D /* bg_l.png in Resources */,
				519C7A741DC4166900DBBF9D /* sansation.ttf in Resources */,
				519C7A721DC4166900DBBF9D /* nice_music.ogg in Resources */,
				519C7A861DC5546D00DBBF9D /* main_theme.ogg in Resources */,
				519C7A701DC4166900DBBF9D /* cute_image.jpg in Resources */,
				519C7A7F1DC4450C00DBBF9D /* bg_r.png in Resources */,
			);
			runOnlyForDeploymentPostprocessing = 0;
		};
/* End PBXResourcesBuildPhase section */

/* Begin PBXShellScriptBuildPhase section */
		519C7A621DC4166800DBBF9D /* ShellScript */ = {
			isa = PBXShellScriptBuildPhase;
			buildActionMask = 2147483647;
			files = (
			);
			inputPaths = (
			);
			outputPaths = (
			);
			runOnlyForDeploymentPostprocessing = 0;
			shellPath = /bin/sh;
			shellScript = "# This shell script simply copies required SFML dylibs/frameworks into the application bundle frameworks folder.\n# If you're using static libraries (which is not recommended) you should remove this script from your project.\n\n# SETTINGS\nCMAKE_INSTALL_FRAMEWORK_PREFIX=\"/Library/Frameworks\"\nCMAKE_INSTALL_LIB_PREFIX=\"/usr/local/lib\"\nFRAMEWORKS_FULL_PATH=\"$BUILT_PRODUCTS_DIR/$FRAMEWORKS_FOLDER_PATH/\"\n\n# Are we building a project that uses frameworks or dylibs?\ncase \"$SFML_BINARY_TYPE\" in\n    DYLIBS)\n        frameworks=\"false\"\n        ;;\n    *)\n        frameworks=\"true\"\n        ;;\nesac\n\n# Echoes to stderr\nerror () # $* message to display\n{\n    echo $* 1>&2\n    exit 2\n}\n\nassert () # $1 is a boolean, $2...N is an error message\n{\n    if [ $# -lt 2 ]\n    then\n        error \"Internal error in assert: not enough args\"\n    fi\n\n    if [ $1 -ne 0 ]\n    then\n        shift\n        error \"$*\"\n    fi\n}\n\nforce_remove () # $@ is some paths\n{\n    test $# -ge 1\n    assert $? \"force_remove() requires at least one parameter\"\n    rm -fr $@\n    assert $? \"couldn't remove $@\"\n}\n\ncopy () # $1 is a source, $2 is a destination\n{\n    test $# -eq 2\n    assert $? \"copy() requires two parameters\"\n    ditto \"$1\" \"$2\"\n    assert $? \"couldn't copy $1 to $2\"\n}\n\nrequire () # $1 is a SFML module like 'system' or 'audio'\n{\n    dest=\"$BUILT_PRODUCTS_DIR/$FRAMEWORKS_FOLDER_PATH/\"\n\n    if [ -z \"$1\" ]\n    then\n        error \"require() requires one parameter!\"\n    else\n        # clean potentially old stuff\n        force_remove \"$dest/libsfml-$1\"*\n        force_remove \"$dest/sfml-$1.framework\"\n\n        # copy SFML libraries\n        if [ \"$frameworks\" = \"true\" ]\n        then\n            source=\"$CMAKE_INSTALL_FRAMEWORK_PREFIX/sfml-$1.framework\"\n            target=\"sfml-$1.framework\"\n        elif [ \"$SFML_LINK_DYLIBS_SUFFIX\" = \"-d\" ]\n        then\n            source=\"$CMAKE_INSTALL_LIB_PREFIX/libsfml-$1-d.dylib\"\n            target=\"`readlink $source`\"\n        else\n            source=\"$CMAKE_INSTALL_LIB_PREFIX/libsfml-$1.dylib\"\n            target=\"`readlink $source`\"\n        fi\n\n        copy \"$source\" \"$dest/$target\"\n\n        # copy extra dependencies\n        if [ \"$1\" = \"audio\" ]\n        then\n            # copy \"FLAC\" \"ogg\" \"vorbis\" \"vorbisenc\" \"vorbisfile\" \"OpenAL\" frameworks too\n            for f in \"FLAC\" \"ogg\" \"vorbis\" \"vorbisenc\" \"vorbisfile\" \"OpenAL\"\n            do\n                copy \"$CMAKE_INSTALL_FRAMEWORK_PREFIX/$f.framework\" \"$dest/$f.framework\"\n            done\n        elif [ \"$1\" = \"graphics\" ]\n        then\n            copy \"$CMAKE_INSTALL_FRAMEWORK_PREFIX/freetype.framework\" \"$dest/freetype.framework\"\n        fi\n    fi\n}\n\nif [ -n \"$SFML_SYSTEM\" ]\nthen\n    require \"system\"\nfi\n\nif [ -n \"$SFML_AUDIO\" ]\nthen\n    require \"audio\"\nfi\n\nif [ -n \"$SFML_NETWORK\" ]\nthen\n    require \"network\"\nfi\n\nif [ -n \"$SFML_WINDOW\" ]\nthen\n    require \"window\"\nfi\n\nif [ -n \"$SFML_GRAPHICS\" ]\nthen\n    require \"graphics\"\nfi\n\n                ";
		};
/* End PBXShellScriptBuildPhase section */

/* Begin PBXSourcesBuildPhase section */
		519C7A5F1DC4166800DBBF9D /* Sources */ = {
			isa = PBXSourcesBuildPhase;
			buildActionMask = 2147483647;
			files = (
				519C7A6D1DC4166900DBBF9D /* main.cpp in Sources */,
				519C7A6A1DC4166900DBBF9D /* ResourcePath.mm in Sources */,
			);
			runOnlyForDeploymentPostprocessing = 0;
		};
/* End PBXSourcesBuildPhase section */

/* Begin XCBuildConfiguration section */
		519C7A771DC4166900DBBF9D /* Debug */ = {
			isa = XCBuildConfiguration;
			buildSettings = {
				ARCHS = "$(NATIVE_ARCH_ACTUAL)";
				CLANG_CXX_LANGUAGE_STANDARD = "c++0x";
				CLANG_CXX_LIBRARY = "libc++";
				FRAMEWORK_SEARCH_PATHS = (
					/Library/Frameworks/,
					"$(inherited)",
				);
				GCC_VERSION = com.apple.compilers.llvm.clang.1_0;
				HEADER_SEARCH_PATHS = (
					/usr/local/include/,
					"$(inherited)",
				);
				LIBRARY_SEARCH_PATHS = (
					/usr/local/lib/,
					"$(inherited)",
				);
				MACOSX_DEPLOYMENT_TARGET = 10.7;
				OTHER_LDFLAGS = (
					"$(inherited)",
					"$(SFML_SYSTEM)",
					"$(SFML_WINDOW)",
					"$(SFML_GRAPHICS)",
					"$(SFML_AUDIO)",
					"$(SFML_NETWORK)",
				);
				SFML_AUDIO = "$(SFML_LINK_PREFIX) sfml-audio$(SFML_LINK_SUFFIX)";
				SFML_BINARY_TYPE = FRAMEWORKS;
				SFML_GRAPHICS = "$(SFML_LINK_PREFIX) sfml-graphics$(SFML_LINK_SUFFIX)";
				SFML_LINK_DYLIBS_PREFIX = "-l";
				SFML_LINK_DYLIBS_SUFFIX = "";
				SFML_LINK_FRAMEWORKS_PREFIX = "-framework";
				SFML_LINK_FRAMEWORKS_SUFFIX = "";
				SFML_LINK_PREFIX = "$(SFML_LINK_$(SFML_BINARY_TYPE)_PREFIX)";
				SFML_LINK_SUFFIX = "$(SFML_LINK_$(SFML_BINARY_TYPE)_SUFFIX)";
				SFML_NETWORK = "$(SFML_LINK_PREFIX) sfml-network$(SFML_LINK_SUFFIX)";
				SFML_SYSTEM = "$(SFML_LINK_PREFIX) sfml-system$(SFML_LINK_SUFFIX)";
				SFML_WINDOW = "$(SFML_LINK_PREFIX) sfml-window$(SFML_LINK_SUFFIX)";
				SUPPORTED_PLATFORMS = macosx;
			};
			name = Debug;
		};
		519C7A781DC4166900DBBF9D /* Release */ = {
			isa = XCBuildConfiguration;
			buildSettings = {
				ARCHS = "$(NATIVE_ARCH_ACTUAL)";
				CLANG_CXX_LANGUAGE_STANDARD = "c++0x";
				CLANG_CXX_LIBRARY = "libc++";
				FRAMEWORK_SEARCH_PATHS = (
					/Library/Frameworks/,
					"$(inherited)",
				);
				GCC_VERSION = com.apple.compilers.llvm.clang.1_0;
				HEADER_SEARCH_PATHS = (
					/usr/local/include/,
					"$(inherited)",
				);
				LIBRARY_SEARCH_PATHS = (
					/usr/local/lib/,
					"$(inherited)",
				);
				MACOSX_DEPLOYMENT_TARGET = 10.7;
				OTHER_LDFLAGS = (
					"$(inherited)",
					"$(SFML_SYSTEM)",
					"$(SFML_WINDOW)",
					"$(SFML_GRAPHICS)",
					"$(SFML_AUDIO)",
					"$(SFML_NETWORK)",
				);
				SFML_AUDIO = "$(SFML_LINK_PREFIX) sfml-audio$(SFML_LINK_SUFFIX)";
				SFML_BINARY_TYPE = FRAMEWORKS;
				SFML_GRAPHICS = "$(SFML_LINK_PREFIX) sfml-graphics$(SFML_LINK_SUFFIX)";
				SFML_LINK_DYLIBS_PREFIX = "-l";
				SFML_LINK_DYLIBS_SUFFIX = "";
				SFML_LINK_FRAMEWORKS_PREFIX = "-framework";
				SFML_LINK_FRAMEWORKS_SUFFIX = "";
				SFML_LINK_PREFIX = "$(SFML_LINK_$(SFML_BINARY_TYPE)_PREFIX)";
				SFML_LINK_SUFFIX = "$(SFML_LINK_$(SFML_BINARY_TYPE)_SUFFIX)";
				SFML_NETWORK = "$(SFML_LINK_PREFIX) sfml-network$(SFML_LINK_SUFFIX)";
				SFML_SYSTEM = "$(SFML_LINK_PREFIX) sfml-system$(SFML_LINK_SUFFIX)";
				SFML_WINDOW = "$(SFML_LINK_PREFIX) sfml-window$(SFML_LINK_SUFFIX)";
				SUPPORTED_PLATFORMS = macosx;
			};
			name = Release;
		};
		519C7A7A1DC4166900DBBF9D /* Debug */ = {
			isa = XCBuildConfiguration;
			buildSettings = {
				INFOPLIST_FILE = "My First SFML App/My First SFML App-Info.plist";
				LD_RUNPATH_SEARCH_PATHS = "@loader_path/../Frameworks";
				PRODUCT_NAME = "$(TARGET_NAME)";
			};
			name = Debug;
		};
		519C7A7B1DC4166900DBBF9D /* Release */ = {
			isa = XCBuildConfiguration;
			buildSettings = {
				INFOPLIST_FILE = "My First SFML App/My First SFML App-Info.plist";
				LD_RUNPATH_SEARCH_PATHS = "@loader_path/../Frameworks";
				PRODUCT_NAME = "$(TARGET_NAME)";
			};
			name = Release;
		};
/* End XCBuildConfiguration section */

/* Begin XCConfigurationList section */
		519C7A5E1DC4166800DBBF9D /* Build configuration list for PBXProject "My First SFML App" */ = {
			isa = XCConfigurationList;
			buildConfigurations = (
				519C7A771DC4166900DBBF9D /* Debug */,
				519C7A781DC4166900DBBF9D /* Release */,
			);
			defaultConfigurationIsVisible = 0;
			defaultConfigurationName = Release;
		};
		519C7A791DC4166900DBBF9D /* Build configuration list for PBXNativeTarget "My First SFML App" */ = {
			isa = XCConfigurationList;
			buildConfigurations = (
				519C7A7A1DC4166900DBBF9D /* Debug */,
				519C7A7B1DC4166900DBBF9D /* Release */,
			);
			defaultConfigurationIsVisible = 0;
		};
/* End XCConfigurationList section */
	};
	rootObject = 519C7A5B1DC4166800DBBF9D /* Project object */;
}
